
Microsoft Visual Studio Solution File, Format Version 12.00
# Visual Studio Version 17
VisualStudioVersion = 17.0.32112.339
MinimumVisualStudioVersion = 10.0.40219.1
Project("{8BC9CEB8-8B4A-11D0-8D11-00A0C91BC942}") = "20220401", "20220401\20220401.vcxproj", "{D371ACD9-746D-45B7-85DC-BF055E5CDBB4}"
EndProject
Global
	GlobalSection(SolutionConfigurationPlatforms) = preSolution
		Debug|x64 = Debug|x64
		Debug|x86 = Debug|x86
		Release|x64 = Release|x64
		Release|x86 = Release|x86
	EndGlobalSection
	GlobalSection(ProjectConfigurationPlatforms) = postSolution
		{D371ACD9-746D-45B7-85DC-BF055E5CDBB4}.Debug|x64.ActiveCfg = Debug|x64
		{D371ACD9-746D-45B7-85DC-BF055E5CDBB4}.Debug|x64.Build.0 = Debug|x64
		{D371ACD9-746D-45B7-85DC-BF055E5CDBB4}.Debug|x86.ActiveCfg = Debug|Win32
		{D371ACD9-746D-45B7-85DC-BF055E5CDBB4}.Debug|x86.Build.0 = Debug|Win32
		{D371ACD9-746D-45B7-85DC-BF055E5CDBB4}.Release|x64.ActiveCfg = Release|x64
		{D371ACD9-746D-45B7-85DC-BF055E5CDBB4}.Release|x64.Build.0 = Release|x64
		{D371ACD9-746D-45B7-85DC-BF055E5CDBB4}.Release|x86.ActiveCfg = Release|Win32
		{D371ACD9-746D-45B7-85DC-BF055E5CDBB4}.Release|x86.Build.0 = Release|Win32
	EndGlobalSection
	GlobalSection(SolutionProperties) = preSolution
		HideSolutionNode = FALSE
	EndGlobalSection
	GlobalSection(ExtensibilityGlobals) = postSolution
		SolutionGuid = {63B69EB9-BCA3-4664-8A25-3DDE30C27019}
	EndGlobalSection
EndGlobal
